{
  "nodes": {
    "flake-utils": {
      "locked": {
        "lastModified": 1605370193,
        "narHash": "sha256-YyMTf3URDL/otKdKgtoMChu4vfVL3vCMkRqpGifhUn0=",
        "owner": "numtide",
        "repo": "flake-utils",
        "rev": "5021eac20303a61fafe17224c087f5519baed54d",
        "type": "github"
      },
      "original": {
        "owner": "numtide",
        "repo": "flake-utils",
        "type": "github"
      }
    },
    "mach-nix": {
      "inputs": {
        "flake-utils": [
          "flake-utils"
        ],
        "nixpkgs": [
          "nixpkgs"
        ],
        "pypi-deps-db": "pypi-deps-db"
      },
      "locked": {
        "lastModified": 1606586450,
        "narHash": "sha256-adej+GalIQuhtij1bgRVoLaC49r6PK9lvl0wyAT8M48=",
        "owner": "DavHau",
        "repo": "mach-nix",
        "rev": "7266eda5065f509e76cdde66c5ec3f297c56a946",
        "type": "github"
      },
      "original": {
        "owner": "DavHau",
        "repo": "mach-nix",
        "rev": "7266eda5065f509e76cdde66c5ec3f297c56a946",
        "type": "github"
      }
    },
    "nixpkgs": {
      "locked": {
        "lastModified": 1606760326,
        "narHash": "sha256-DKITVwn0ieRLbnJXPhet7YCv7VZ3/ARaV8UZ45SDfbQ=",
        "owner": "NixOS",
        "repo": "nixpkgs",
        "rev": "c1b1af0ded74506502db0a4e6bf1f9d9fad427b2",
        "type": "github"
      },
      "original": {
        "id": "nixpkgs",
        "type": "indirect"
      }
    },
    "pypi-deps-db": {
      "flake": false,
      "locked": {
        "lastModified": 1606280641,
        "narHash": "sha256-sVYIBMtvZgxQQkbxZg/45xw4e7vVh+5SU1kkvUvtnrc=",
        "owner": "DavHau",
        "repo": "pypi-deps-db",
        "rev": "63bb8887c8de8e056f5ed77ac6a35c771c0c5d57",
        "type": "github"
      },
      "original": {
        "owner": "DavHau",
        "repo": "pypi-deps-db",
        "type": "github"
      }
    },
    "root": {
      "inputs": {
        "flake-utils": "flake-utils",
        "mach-nix": "mach-nix",
        "nixpkgs": "nixpkgs"
      }
    }
  },
  "root": "root",
  "version": 7
}
